
Microsoft Visual Studio Solution File, Format Version 12.00
# Visual Studio Version 17
VisualStudioVersion = 17.7.34202.233
MinimumVisualStudioVersion = 10.0.40219.1
Project("{FAE04EC0-301F-11D3-BF4B-00C04F79EFBC}") = "01_G_EntityFrameworkCore", "01_G_EntityFrameworkCore\01_G_EntityFrameworkCore.csproj", "{5E49ED06-519C-410A-AB4B-AE4B7310DD66}"
EndProject
Global
	GlobalSection(SolutionConfigurationPlatforms) = preSolution
		Debug|Any CPU = Debug|Any CPU
		Release|Any CPU = Release|Any CPU
	EndGlobalSection
	GlobalSection(ProjectConfigurationPlatforms) = postSolution
		{5E49ED06-519C-410A-AB4B-AE4B7310DD66}.Debug|Any CPU.ActiveCfg = Debug|Any CPU
		{5E49ED06-519C-410A-AB4B-AE4B7310DD66}.Debug|Any CPU.Build.0 = Debug|Any CPU
		{5E49ED06-519C-410A-AB4B-AE4B7310DD66}.Release|Any CPU.ActiveCfg = Release|Any CPU
		{5E49ED06-519C-410A-AB4B-AE4B7310DD66}.Release|Any CPU.Build.0 = Release|Any CPU
	EndGlobalSection
	GlobalSection(SolutionProperties) = preSolution
		HideSolutionNode = FALSE
	EndGlobalSection
	GlobalSection(ExtensibilityGlobals) = postSolution
		SolutionGuid = {E5CD9AB3-1AF2-43CC-B326-E7F84FE84AA0}
	EndGlobalSection
EndGlobal
